
Microsoft Visual Studio Solution File, Format Version 12.00
# Visual Studio 15
VisualStudioVersion = 15.0.28307.852
MinimumVisualStudioVersion = 10.0.40219.1
Project("{8BC9CEB8-8B4A-11D0-8D11-00A0C91BC942}") = "comp270-worksheet-3", "comp270-worksheet-3.vcxproj", "{CE0119CF-64BB-41CC-B7A3-C8823E95B12B}"
EndProject
Global
	GlobalSection(SolutionConfigurationPlatforms) = preSolution
		Debug|x64 = Debug|x64
		Debug|x86 = Debug|x86
		Release|x64 = Release|x64
		Release|x86 = Release|x86
	EndGlobalSection
	GlobalSection(ProjectConfigurationPlatforms) = postSolution
		{CE0119CF-64BB-41CC-B7A3-C8823E95B12B}.Debug|x64.ActiveCfg = Debug|x64
		{CE0119CF-64BB-41CC-B7A3-C8823E95B12B}.Debug|x64.Build.0 = Debug|x64
		{CE0119CF-64BB-41CC-B7A3-C8823E95B12B}.Debug|x86.ActiveCfg = Debug|Win32
		{CE0119CF-64BB-41CC-B7A3-C8823E95B12B}.Debug|x86.Build.0 = Debug|Win32
		{CE0119CF-64BB-41CC-B7A3-C8823E95B12B}.Release|x64.ActiveCfg = Release|x64
		{CE0119CF-64BB-41CC-B7A3-C8823E95B12B}.Release|x64.Build.0 = Release|x64
		{CE0119CF-64BB-41CC-B7A3-C8823E95B12B}.Release|x86.ActiveCfg = Release|Win32
		{CE0119CF-64BB-41CC-B7A3-C8823E95B12B}.Release|x86.Build.0 = Release|Win32
	EndGlobalSection
	GlobalSection(SolutionProperties) = preSolution
		HideSolutionNode = FALSE
	EndGlobalSection
	GlobalSection(ExtensibilityGlobals) = postSolution
		SolutionGuid = {CC90F071-FA59-4403-A306-EA7673400FB6}
	EndGlobalSection
EndGlobal
